
Microsoft Visual Studio Solution File, Format Version 12.00
# Visual Studio Version 17
VisualStudioVersion = 17.13.35931.197 d17.13
MinimumVisualStudioVersion = 10.0.40219.1
Project("{FAE04EC0-301F-11D3-BF4B-00C04F79EFBC}") = "MyFirstPro", "MyFirstPro\MyFirstPro.csproj", "{AF7B21C1-C833-46DD-8ED9-0D71DE357695}"
EndProject
Global
	GlobalSection(SolutionConfigurationPlatforms) = preSolution
		Debug|Any CPU = Debug|Any CPU
		Release|Any CPU = Release|Any CPU
	EndGlobalSection
	GlobalSection(ProjectConfigurationPlatforms) = postSolution
		{AF7B21C1-C833-46DD-8ED9-0D71DE357695}.Debug|Any CPU.ActiveCfg = Debug|Any CPU
		{AF7B21C1-C833-46DD-8ED9-0D71DE357695}.Debug|Any CPU.Build.0 = Debug|Any CPU
		{AF7B21C1-C833-46DD-8ED9-0D71DE357695}.Release|Any CPU.ActiveCfg = Release|Any CPU
		{AF7B21C1-C833-46DD-8ED9-0D71DE357695}.Release|Any CPU.Build.0 = Release|Any CPU
	EndGlobalSection
	GlobalSection(SolutionProperties) = preSolution
		HideSolutionNode = FALSE
	EndGlobalSection
	GlobalSection(ExtensibilityGlobals) = postSolution
		SolutionGuid = {68988E51-7942-4E06-B7D0-598D11F09FE1}
	EndGlobalSection
EndGlobal
