
Microsoft Visual Studio Solution File, Format Version 12.00
# Visual Studio Version 17
VisualStudioVersion = 17.13.35931.197 d17.13
MinimumVisualStudioVersion = 10.0.40219.1
Project("{FAE04EC0-301F-11D3-BF4B-00C04F79EFBC}") = "SerializationDemo", "SerializationDemo\SerializationDemo.csproj", "{FBC1BBB1-216F-464A-B6D5-A67674818E40}"
EndProject
Global
	GlobalSection(SolutionConfigurationPlatforms) = preSolution
		Debug|Any CPU = Debug|Any CPU
		Release|Any CPU = Release|Any CPU
	EndGlobalSection
	GlobalSection(ProjectConfigurationPlatforms) = postSolution
		{FBC1BBB1-216F-464A-B6D5-A67674818E40}.Debug|Any CPU.ActiveCfg = Debug|Any CPU
		{FBC1BBB1-216F-464A-B6D5-A67674818E40}.Debug|Any CPU.Build.0 = Debug|Any CPU
		{FBC1BBB1-216F-464A-B6D5-A67674818E40}.Release|Any CPU.ActiveCfg = Release|Any CPU
		{FBC1BBB1-216F-464A-B6D5-A67674818E40}.Release|Any CPU.Build.0 = Release|Any CPU
	EndGlobalSection
	GlobalSection(SolutionProperties) = preSolution
		HideSolutionNode = FALSE
	EndGlobalSection
	GlobalSection(ExtensibilityGlobals) = postSolution
		SolutionGuid = {E10C1A16-88FD-45DA-8EB5-AD79D848B607}
	EndGlobalSection
EndGlobal
