
Microsoft Visual Studio Solution File, Format Version 12.00
# Visual Studio Version 17
VisualStudioVersion = 17.13.35931.197 d17.13
MinimumVisualStudioVersion = 10.0.40219.1
Project("{FAE04EC0-301F-11D3-BF4B-00C04F79EFBC}") = "StreamIoDemo", "StreamIoDemo\StreamIoDemo.csproj", "{F7149DAF-59F3-4330-AB74-6AB84A1AD01A}"
EndProject
Global
	GlobalSection(SolutionConfigurationPlatforms) = preSolution
		Debug|Any CPU = Debug|Any CPU
		Release|Any CPU = Release|Any CPU
	EndGlobalSection
	GlobalSection(ProjectConfigurationPlatforms) = postSolution
		{F7149DAF-59F3-4330-AB74-6AB84A1AD01A}.Debug|Any CPU.ActiveCfg = Debug|Any CPU
		{F7149DAF-59F3-4330-AB74-6AB84A1AD01A}.Debug|Any CPU.Build.0 = Debug|Any CPU
		{F7149DAF-59F3-4330-AB74-6AB84A1AD01A}.Release|Any CPU.ActiveCfg = Release|Any CPU
		{F7149DAF-59F3-4330-AB74-6AB84A1AD01A}.Release|Any CPU.Build.0 = Release|Any CPU
	EndGlobalSection
	GlobalSection(SolutionProperties) = preSolution
		HideSolutionNode = FALSE
	EndGlobalSection
	GlobalSection(ExtensibilityGlobals) = postSolution
		SolutionGuid = {CD823A19-F885-48C7-BC87-7AE0ABE8926D}
	EndGlobalSection
EndGlobal
