
Microsoft Visual Studio Solution File, Format Version 12.00
# Visual Studio Version 17
VisualStudioVersion = 17.13.35931.197 d17.13
MinimumVisualStudioVersion = 10.0.40219.1
Project("{FAE04EC0-301F-11D3-BF4B-00C04F79EFBC}") = "GenericDemo", "GenericDemo\GenericDemo.csproj", "{2E4B1760-DECF-4A22-A08D-5B364C118E9D}"
EndProject
Global
	GlobalSection(SolutionConfigurationPlatforms) = preSolution
		Debug|Any CPU = Debug|Any CPU
		Release|Any CPU = Release|Any CPU
	EndGlobalSection
	GlobalSection(ProjectConfigurationPlatforms) = postSolution
		{2E4B1760-DECF-4A22-A08D-5B364C118E9D}.Debug|Any CPU.ActiveCfg = Debug|Any CPU
		{2E4B1760-DECF-4A22-A08D-5B364C118E9D}.Debug|Any CPU.Build.0 = Debug|Any CPU
		{2E4B1760-DECF-4A22-A08D-5B364C118E9D}.Release|Any CPU.ActiveCfg = Release|Any CPU
		{2E4B1760-DECF-4A22-A08D-5B364C118E9D}.Release|Any CPU.Build.0 = Release|Any CPU
	EndGlobalSection
	GlobalSection(SolutionProperties) = preSolution
		HideSolutionNode = FALSE
	EndGlobalSection
	GlobalSection(ExtensibilityGlobals) = postSolution
		SolutionGuid = {7C12267C-A31D-44B1-86D8-135611BB5168}
	EndGlobalSection
EndGlobal
