
Microsoft Visual Studio Solution File, Format Version 12.00
# Visual Studio Version 17
VisualStudioVersion = 17.13.35931.197 d17.13
MinimumVisualStudioVersion = 10.0.40219.1
Project("{FAE04EC0-301F-11D3-BF4B-00C04F79EFBC}") = "Travelezee", "Travelezee\Travelezee.csproj", "{577BBA11-AFAF-4487-81AE-70947C381601}"
EndProject
Global
	GlobalSection(SolutionConfigurationPlatforms) = preSolution
		Debug|Any CPU = Debug|Any CPU
		Release|Any CPU = Release|Any CPU
	EndGlobalSection
	GlobalSection(ProjectConfigurationPlatforms) = postSolution
		{577BBA11-AFAF-4487-81AE-70947C381601}.Debug|Any CPU.ActiveCfg = Debug|Any CPU
		{577BBA11-AFAF-4487-81AE-70947C381601}.Debug|Any CPU.Build.0 = Debug|Any CPU
		{577BBA11-AFAF-4487-81AE-70947C381601}.Release|Any CPU.ActiveCfg = Release|Any CPU
		{577BBA11-AFAF-4487-81AE-70947C381601}.Release|Any CPU.Build.0 = Release|Any CPU
	EndGlobalSection
	GlobalSection(SolutionProperties) = preSolution
		HideSolutionNode = FALSE
	EndGlobalSection
	GlobalSection(ExtensibilityGlobals) = postSolution
		SolutionGuid = {FD7CBB93-055C-4B97-8E5B-1AC5286A9D2A}
	EndGlobalSection
EndGlobal
